
Microsoft Visual Studio Solution File, Format Version 12.00
# Visual Studio Version 16
VisualStudioVersion = 16.0.31005.135
MinimumVisualStudioVersion = 10.0.40219.1
Project("{9A19103F-16F7-4668-BE54-9A1E7A4F7556}") = "ManagerEmployee.WebApp", "ManagerEmployee.WebApp\ManagerEmployee.WebApp.csproj", "{5F41F517-A006-42EC-A08C-3AD15218F4FB}"
EndProject
Project("{FAE04EC0-301F-11D3-BF4B-00C04F79EFBC}") = "ManagerEmloyee.Data", "ManagerEmloyee.Data\ManagerEmloyee.Data.csproj", "{54865D2E-FB1D-424D-BC1C-CAEECEE5CD6F}"
EndProject
Project("{FAE04EC0-301F-11D3-BF4B-00C04F79EFBC}") = "ManagerEmloyee.AppService", "ManagerEmloyee.AppService\ManagerEmloyee.AppService.csproj", "{A0CAA72D-C915-4765-BB09-F8E445F3BC76}"
EndProject
Global
	GlobalSection(SolutionConfigurationPlatforms) = preSolution
		Debug|Any CPU = Debug|Any CPU
		Release|Any CPU = Release|Any CPU
	EndGlobalSection
	GlobalSection(ProjectConfigurationPlatforms) = postSolution
		{5F41F517-A006-42EC-A08C-3AD15218F4FB}.Debug|Any CPU.ActiveCfg = Debug|Any CPU
		{5F41F517-A006-42EC-A08C-3AD15218F4FB}.Debug|Any CPU.Build.0 = Debug|Any CPU
		{5F41F517-A006-42EC-A08C-3AD15218F4FB}.Release|Any CPU.ActiveCfg = Release|Any CPU
		{5F41F517-A006-42EC-A08C-3AD15218F4FB}.Release|Any CPU.Build.0 = Release|Any CPU
		{54865D2E-FB1D-424D-BC1C-CAEECEE5CD6F}.Debug|Any CPU.ActiveCfg = Debug|Any CPU
		{54865D2E-FB1D-424D-BC1C-CAEECEE5CD6F}.Debug|Any CPU.Build.0 = Debug|Any CPU
		{54865D2E-FB1D-424D-BC1C-CAEECEE5CD6F}.Release|Any CPU.ActiveCfg = Release|Any CPU
		{54865D2E-FB1D-424D-BC1C-CAEECEE5CD6F}.Release|Any CPU.Build.0 = Release|Any CPU
		{A0CAA72D-C915-4765-BB09-F8E445F3BC76}.Debug|Any CPU.ActiveCfg = Debug|Any CPU
		{A0CAA72D-C915-4765-BB09-F8E445F3BC76}.Debug|Any CPU.Build.0 = Debug|Any CPU
		{A0CAA72D-C915-4765-BB09-F8E445F3BC76}.Release|Any CPU.ActiveCfg = Release|Any CPU
		{A0CAA72D-C915-4765-BB09-F8E445F3BC76}.Release|Any CPU.Build.0 = Release|Any CPU
	EndGlobalSection
	GlobalSection(SolutionProperties) = preSolution
		HideSolutionNode = FALSE
	EndGlobalSection
	GlobalSection(ExtensibilityGlobals) = postSolution
		SolutionGuid = {65B17477-C182-4462-86DC-3B04BC3B8104}
	EndGlobalSection
EndGlobal
